
Microsoft Visual Studio Solution File, Format Version 12.00
# Visual Studio 15
VisualStudioVersion = 15.0.28306.52
MinimumVisualStudioVersion = 10.0.40219.1
Project("{FAE04EC0-301F-11D3-BF4B-00C04F79EFBC}") = "extensionAMI_Service", "extensionAMI_Service\extensionAMI_Service.csproj", "{B74B3A97-AA17-49D5-B817-BCFC6C7EDCCA}"
EndProject
Global
	GlobalSection(SolutionConfigurationPlatforms) = preSolution
		Debug|Any CPU = Debug|Any CPU
		Release|Any CPU = Release|Any CPU
	EndGlobalSection
	GlobalSection(ProjectConfigurationPlatforms) = postSolution
		{B74B3A97-AA17-49D5-B817-BCFC6C7EDCCA}.Debug|Any CPU.ActiveCfg = Debug|Any CPU
		{B74B3A97-AA17-49D5-B817-BCFC6C7EDCCA}.Debug|Any CPU.Build.0 = Debug|Any CPU
		{B74B3A97-AA17-49D5-B817-BCFC6C7EDCCA}.Release|Any CPU.ActiveCfg = Release|Any CPU
		{B74B3A97-AA17-49D5-B817-BCFC6C7EDCCA}.Release|Any CPU.Build.0 = Release|Any CPU
	EndGlobalSection
	GlobalSection(SolutionProperties) = preSolution
		HideSolutionNode = FALSE
	EndGlobalSection
	GlobalSection(ExtensibilityGlobals) = postSolution
		SolutionGuid = {E248D5F7-1572-49EB-9998-A15A42E0E91B}
	EndGlobalSection
EndGlobal
